
Microsoft Visual Studio Solution File, Format Version 12.00
# Visual Studio Version 17
VisualStudioVersion = 17.1.32319.34
MinimumVisualStudioVersion = 10.0.40219.1
Project("{8BC9CEB8-8B4A-11D0-8D11-00A0C91BC942}") = "ex2-tabuada-invertida", "ex2-tabuada-invertida\ex2-tabuada-invertida.vcxproj", "{BF14BED1-EA76-4B7C-BB1E-F07126A9E7A4}"
EndProject
Global
	GlobalSection(SolutionConfigurationPlatforms) = preSolution
		Debug|x64 = Debug|x64
		Debug|x86 = Debug|x86
		Release|x64 = Release|x64
		Release|x86 = Release|x86
	EndGlobalSection
	GlobalSection(ProjectConfigurationPlatforms) = postSolution
		{BF14BED1-EA76-4B7C-BB1E-F07126A9E7A4}.Debug|x64.ActiveCfg = Debug|x64
		{BF14BED1-EA76-4B7C-BB1E-F07126A9E7A4}.Debug|x64.Build.0 = Debug|x64
		{BF14BED1-EA76-4B7C-BB1E-F07126A9E7A4}.Debug|x86.ActiveCfg = Debug|Win32
		{BF14BED1-EA76-4B7C-BB1E-F07126A9E7A4}.Debug|x86.Build.0 = Debug|Win32
		{BF14BED1-EA76-4B7C-BB1E-F07126A9E7A4}.Release|x64.ActiveCfg = Release|x64
		{BF14BED1-EA76-4B7C-BB1E-F07126A9E7A4}.Release|x64.Build.0 = Release|x64
		{BF14BED1-EA76-4B7C-BB1E-F07126A9E7A4}.Release|x86.ActiveCfg = Release|Win32
		{BF14BED1-EA76-4B7C-BB1E-F07126A9E7A4}.Release|x86.Build.0 = Release|Win32
	EndGlobalSection
	GlobalSection(SolutionProperties) = preSolution
		HideSolutionNode = FALSE
	EndGlobalSection
	GlobalSection(ExtensibilityGlobals) = postSolution
		SolutionGuid = {7B6B0E95-B7BE-4A6A-97EB-436F24FB9AB8}
	EndGlobalSection
EndGlobal
